
Microsoft Visual Studio Solution File, Format Version 12.00
# Visual Studio Version 16
VisualStudioVersion = 16.0.28803.202
MinimumVisualStudioVersion = 10.0.40219.1
Project("{2150E333-8FDC-42A3-9474-1A3956D46DE8}") = "01. Presentation", "01. Presentation", "{2540E63A-6E62-4069-9364-5ABB8E52DECD}"
EndProject
Project("{2150E333-8FDC-42A3-9474-1A3956D46DE8}") = "02. Infrastructure", "02. Infrastructure", "{C5FF1124-E588-409E-BDEF-22EBF13D4EEC}"
EndProject
Project("{2150E333-8FDC-42A3-9474-1A3956D46DE8}") = "03. Core", "03. Core", "{F24C87B7-04C7-49C7-A5B9-E09092E18C64}"
EndProject
Project("{2150E333-8FDC-42A3-9474-1A3956D46DE8}") = "04. Crosscutting Concerns", "04. Crosscutting Concerns", "{EA675CB8-C348-47E2-9272-C29AAC7B3DCD}"
EndProject
Project("{2150E333-8FDC-42A3-9474-1A3956D46DE8}") = "99. Tests", "99. Tests", "{8FD34F37-B11B-46CF-8066-1FE1C68E7D0A}"
EndProject
Project("{FAE04EC0-301F-11D3-BF4B-00C04F79EFBC}") = "TReX.App.Domain", "TReX.App.Domain\TReX.App.Domain.csproj", "{A44A6BAB-5C05-4E73-9CC5-8BCFEBE9CFB7}"
EndProject
Project("{FAE04EC0-301F-11D3-BF4B-00C04F79EFBC}") = "TReX.App.Business", "TReX.App.Business\TReX.App.Business.csproj", "{0CDA080C-7685-4CF9-A438-B66249C9A412}"
EndProject
Project("{FAE04EC0-301F-11D3-BF4B-00C04F79EFBC}") = "TReX.App.Shared", "TReX.App.Shared\TReX.App.Shared.csproj", "{C33FEBA3-C242-40A0-8FA8-F1D643B5BA5F}"
EndProject
Project("{FAE04EC0-301F-11D3-BF4B-00C04F79EFBC}") = "TReX.App.Infrastructure", "TReX.App.Infrastructure\TReX.App.Infrastructure.csproj", "{3275124F-1651-4D68-8D8D-64E1D90ED95F}"
EndProject
Project("{FAE04EC0-301F-11D3-BF4B-00C04F79EFBC}") = "TReX.App.Api", "TReX.App.Api\TReX.App.Api.csproj", "{74BC49A0-F0FA-4574-B8A8-32EE0B429122}"
EndProject
Global
	GlobalSection(SolutionConfigurationPlatforms) = preSolution
		Debug|Any CPU = Debug|Any CPU
		Release|Any CPU = Release|Any CPU
	EndGlobalSection
	GlobalSection(ProjectConfigurationPlatforms) = postSolution
		{A44A6BAB-5C05-4E73-9CC5-8BCFEBE9CFB7}.Debug|Any CPU.ActiveCfg = Debug|Any CPU
		{A44A6BAB-5C05-4E73-9CC5-8BCFEBE9CFB7}.Debug|Any CPU.Build.0 = Debug|Any CPU
		{A44A6BAB-5C05-4E73-9CC5-8BCFEBE9CFB7}.Release|Any CPU.ActiveCfg = Release|Any CPU
		{A44A6BAB-5C05-4E73-9CC5-8BCFEBE9CFB7}.Release|Any CPU.Build.0 = Release|Any CPU
		{0CDA080C-7685-4CF9-A438-B66249C9A412}.Debug|Any CPU.ActiveCfg = Debug|Any CPU
		{0CDA080C-7685-4CF9-A438-B66249C9A412}.Debug|Any CPU.Build.0 = Debug|Any CPU
		{0CDA080C-7685-4CF9-A438-B66249C9A412}.Release|Any CPU.ActiveCfg = Release|Any CPU
		{0CDA080C-7685-4CF9-A438-B66249C9A412}.Release|Any CPU.Build.0 = Release|Any CPU
		{C33FEBA3-C242-40A0-8FA8-F1D643B5BA5F}.Debug|Any CPU.ActiveCfg = Debug|Any CPU
		{C33FEBA3-C242-40A0-8FA8-F1D643B5BA5F}.Debug|Any CPU.Build.0 = Debug|Any CPU
		{C33FEBA3-C242-40A0-8FA8-F1D643B5BA5F}.Release|Any CPU.ActiveCfg = Release|Any CPU
		{C33FEBA3-C242-40A0-8FA8-F1D643B5BA5F}.Release|Any CPU.Build.0 = Release|Any CPU
		{3275124F-1651-4D68-8D8D-64E1D90ED95F}.Debug|Any CPU.ActiveCfg = Debug|Any CPU
		{3275124F-1651-4D68-8D8D-64E1D90ED95F}.Debug|Any CPU.Build.0 = Debug|Any CPU
		{3275124F-1651-4D68-8D8D-64E1D90ED95F}.Release|Any CPU.ActiveCfg = Release|Any CPU
		{3275124F-1651-4D68-8D8D-64E1D90ED95F}.Release|Any CPU.Build.0 = Release|Any CPU
		{74BC49A0-F0FA-4574-B8A8-32EE0B429122}.Debug|Any CPU.ActiveCfg = Debug|Any CPU
		{74BC49A0-F0FA-4574-B8A8-32EE0B429122}.Debug|Any CPU.Build.0 = Debug|Any CPU
		{74BC49A0-F0FA-4574-B8A8-32EE0B429122}.Release|Any CPU.ActiveCfg = Release|Any CPU
		{74BC49A0-F0FA-4574-B8A8-32EE0B429122}.Release|Any CPU.Build.0 = Release|Any CPU
	EndGlobalSection
	GlobalSection(SolutionProperties) = preSolution
		HideSolutionNode = FALSE
	EndGlobalSection
	GlobalSection(NestedProjects) = preSolution
		{A44A6BAB-5C05-4E73-9CC5-8BCFEBE9CFB7} = {F24C87B7-04C7-49C7-A5B9-E09092E18C64}
		{0CDA080C-7685-4CF9-A438-B66249C9A412} = {F24C87B7-04C7-49C7-A5B9-E09092E18C64}
		{C33FEBA3-C242-40A0-8FA8-F1D643B5BA5F} = {EA675CB8-C348-47E2-9272-C29AAC7B3DCD}
		{3275124F-1651-4D68-8D8D-64E1D90ED95F} = {C5FF1124-E588-409E-BDEF-22EBF13D4EEC}
		{74BC49A0-F0FA-4574-B8A8-32EE0B429122} = {2540E63A-6E62-4069-9364-5ABB8E52DECD}
	EndGlobalSection
	GlobalSection(ExtensibilityGlobals) = postSolution
		SolutionGuid = {A0A3DC4D-1844-4676-AA8B-5A623E821DFF}
	EndGlobalSection
EndGlobal
