
Microsoft Visual Studio Solution File, Format Version 12.00
# Visual Studio Version 16
VisualStudioVersion = 16.0.28803.202
MinimumVisualStudioVersion = 10.0.40219.1
Project("{2150E333-8FDC-42A3-9474-1A3956D46DE8}") = "01. Deployable", "01. Deployable", "{2540E63A-6E62-4069-9364-5ABB8E52DECD}"
EndProject
Project("{2150E333-8FDC-42A3-9474-1A3956D46DE8}") = "02. Infrastructure", "02. Infrastructure", "{C5FF1124-E588-409E-BDEF-22EBF13D4EEC}"
EndProject
Project("{2150E333-8FDC-42A3-9474-1A3956D46DE8}") = "03. Core", "03. Core", "{F24C87B7-04C7-49C7-A5B9-E09092E18C64}"
EndProject
Project("{2150E333-8FDC-42A3-9474-1A3956D46DE8}") = "04. Crosscutting Concerns", "04. Crosscutting Concerns", "{EA675CB8-C348-47E2-9272-C29AAC7B3DCD}"
EndProject
Project("{2150E333-8FDC-42A3-9474-1A3956D46DE8}") = "99. Tests", "99. Tests", "{8FD34F37-B11B-46CF-8066-1FE1C68E7D0A}"
EndProject
Project("{9A19103F-16F7-4668-BE54-9A1E7A4F7556}") = "TReX.App.Domain", "TReX.App.Domain\TReX.App.Domain.csproj", "{A44A6BAB-5C05-4E73-9CC5-8BCFEBE9CFB7}"
EndProject
Project("{9A19103F-16F7-4668-BE54-9A1E7A4F7556}") = "TReX.App.Business", "TReX.App.Business\TReX.App.Business.csproj", "{0CDA080C-7685-4CF9-A438-B66249C9A412}"
EndProject
Project("{9A19103F-16F7-4668-BE54-9A1E7A4F7556}") = "TReX.App.Shared", "TReX.App.Shared\TReX.App.Shared.csproj", "{C33FEBA3-C242-40A0-8FA8-F1D643B5BA5F}"
EndProject
Project("{9A19103F-16F7-4668-BE54-9A1E7A4F7556}") = "TReX.App.Infrastructure", "TReX.App.Infrastructure\TReX.App.Infrastructure.csproj", "{3275124F-1651-4D68-8D8D-64E1D90ED95F}"
EndProject
Project("{9A19103F-16F7-4668-BE54-9A1E7A4F7556}") = "TReX.App.Api", "TReX.App.Api\TReX.App.Api.csproj", "{74BC49A0-F0FA-4574-B8A8-32EE0B429122}"
EndProject
Project("{2150E333-8FDC-42A3-9474-1A3956D46DE8}") = "App", "App", "{56BF1630-712E-4BB7-ADCA-7D2FE24E2D6E}"
EndProject
Project("{2150E333-8FDC-42A3-9474-1A3956D46DE8}") = "Kernel", "Kernel", "{B150E289-9A7E-439E-A2D6-13134A8F569F}"
EndProject
Project("{9A19103F-16F7-4668-BE54-9A1E7A4F7556}") = "TReX.Kernel.Raven", "..\TReX.Kernel\TReX.Kernel.Raven\TReX.Kernel.Raven.csproj", "{14C538FA-9C38-4FC6-B795-07462ACA2E59}"
EndProject
Project("{9A19103F-16F7-4668-BE54-9A1E7A4F7556}") = "TReX.Kernel.Shared", "..\TReX.Kernel\TReX.Kernel.Shared\TReX.Kernel.Shared.csproj", "{C4F39193-6C43-42BF-AC47-B5CFEA6B8511}"
EndProject
Project("{9A19103F-16F7-4668-BE54-9A1E7A4F7556}") = "TReX.Kernel.Utilities", "..\TReX.Kernel\TReX.Kernel.Utilities\TReX.Kernel.Utilities.csproj", "{32458399-5E62-4D80-812E-8F7A64A807F4}"
EndProject
Project("{9A19103F-16F7-4668-BE54-9A1E7A4F7556}") = "TReX.App.Museum", "TReX.App.Museum\TReX.App.Museum.csproj", "{F02CC21C-476D-4976-A004-680D597E81CE}"
EndProject
Project("{E53339B2-1760-4266-BCC7-CA923CBCF16C}") = "docker-compose", "..\docker-compose.dcproj", "{E2D6CA2E-3002-4B1F-B4BC-230904ADDE02}"
EndProject
Global
	GlobalSection(SolutionConfigurationPlatforms) = preSolution
		Debug|Any CPU = Debug|Any CPU
		Release|Any CPU = Release|Any CPU
	EndGlobalSection
	GlobalSection(ProjectConfigurationPlatforms) = postSolution
		{A44A6BAB-5C05-4E73-9CC5-8BCFEBE9CFB7}.Debug|Any CPU.ActiveCfg = Debug|Any CPU
		{A44A6BAB-5C05-4E73-9CC5-8BCFEBE9CFB7}.Debug|Any CPU.Build.0 = Debug|Any CPU
		{A44A6BAB-5C05-4E73-9CC5-8BCFEBE9CFB7}.Release|Any CPU.ActiveCfg = Release|Any CPU
		{A44A6BAB-5C05-4E73-9CC5-8BCFEBE9CFB7}.Release|Any CPU.Build.0 = Release|Any CPU
		{0CDA080C-7685-4CF9-A438-B66249C9A412}.Debug|Any CPU.ActiveCfg = Debug|Any CPU
		{0CDA080C-7685-4CF9-A438-B66249C9A412}.Debug|Any CPU.Build.0 = Debug|Any CPU
		{0CDA080C-7685-4CF9-A438-B66249C9A412}.Release|Any CPU.ActiveCfg = Release|Any CPU
		{0CDA080C-7685-4CF9-A438-B66249C9A412}.Release|Any CPU.Build.0 = Release|Any CPU
		{C33FEBA3-C242-40A0-8FA8-F1D643B5BA5F}.Debug|Any CPU.ActiveCfg = Debug|Any CPU
		{C33FEBA3-C242-40A0-8FA8-F1D643B5BA5F}.Debug|Any CPU.Build.0 = Debug|Any CPU
		{C33FEBA3-C242-40A0-8FA8-F1D643B5BA5F}.Release|Any CPU.ActiveCfg = Release|Any CPU
		{C33FEBA3-C242-40A0-8FA8-F1D643B5BA5F}.Release|Any CPU.Build.0 = Release|Any CPU
		{3275124F-1651-4D68-8D8D-64E1D90ED95F}.Debug|Any CPU.ActiveCfg = Debug|Any CPU
		{3275124F-1651-4D68-8D8D-64E1D90ED95F}.Debug|Any CPU.Build.0 = Debug|Any CPU
		{3275124F-1651-4D68-8D8D-64E1D90ED95F}.Release|Any CPU.ActiveCfg = Release|Any CPU
		{3275124F-1651-4D68-8D8D-64E1D90ED95F}.Release|Any CPU.Build.0 = Release|Any CPU
		{74BC49A0-F0FA-4574-B8A8-32EE0B429122}.Debug|Any CPU.ActiveCfg = Debug|Any CPU
		{74BC49A0-F0FA-4574-B8A8-32EE0B429122}.Debug|Any CPU.Build.0 = Debug|Any CPU
		{74BC49A0-F0FA-4574-B8A8-32EE0B429122}.Release|Any CPU.ActiveCfg = Release|Any CPU
		{74BC49A0-F0FA-4574-B8A8-32EE0B429122}.Release|Any CPU.Build.0 = Release|Any CPU
		{14C538FA-9C38-4FC6-B795-07462ACA2E59}.Debug|Any CPU.ActiveCfg = Debug|Any CPU
		{14C538FA-9C38-4FC6-B795-07462ACA2E59}.Debug|Any CPU.Build.0 = Debug|Any CPU
		{14C538FA-9C38-4FC6-B795-07462ACA2E59}.Release|Any CPU.ActiveCfg = Release|Any CPU
		{14C538FA-9C38-4FC6-B795-07462ACA2E59}.Release|Any CPU.Build.0 = Release|Any CPU
		{C4F39193-6C43-42BF-AC47-B5CFEA6B8511}.Debug|Any CPU.ActiveCfg = Debug|Any CPU
		{C4F39193-6C43-42BF-AC47-B5CFEA6B8511}.Debug|Any CPU.Build.0 = Debug|Any CPU
		{C4F39193-6C43-42BF-AC47-B5CFEA6B8511}.Release|Any CPU.ActiveCfg = Release|Any CPU
		{C4F39193-6C43-42BF-AC47-B5CFEA6B8511}.Release|Any CPU.Build.0 = Release|Any CPU
		{32458399-5E62-4D80-812E-8F7A64A807F4}.Debug|Any CPU.ActiveCfg = Debug|Any CPU
		{32458399-5E62-4D80-812E-8F7A64A807F4}.Debug|Any CPU.Build.0 = Debug|Any CPU
		{32458399-5E62-4D80-812E-8F7A64A807F4}.Release|Any CPU.ActiveCfg = Release|Any CPU
		{32458399-5E62-4D80-812E-8F7A64A807F4}.Release|Any CPU.Build.0 = Release|Any CPU
		{F02CC21C-476D-4976-A004-680D597E81CE}.Debug|Any CPU.ActiveCfg = Debug|Any CPU
		{F02CC21C-476D-4976-A004-680D597E81CE}.Debug|Any CPU.Build.0 = Debug|Any CPU
		{F02CC21C-476D-4976-A004-680D597E81CE}.Release|Any CPU.ActiveCfg = Release|Any CPU
		{F02CC21C-476D-4976-A004-680D597E81CE}.Release|Any CPU.Build.0 = Release|Any CPU
		{E2D6CA2E-3002-4B1F-B4BC-230904ADDE02}.Debug|Any CPU.ActiveCfg = Debug|Any CPU
		{E2D6CA2E-3002-4B1F-B4BC-230904ADDE02}.Debug|Any CPU.Build.0 = Debug|Any CPU
		{E2D6CA2E-3002-4B1F-B4BC-230904ADDE02}.Release|Any CPU.ActiveCfg = Release|Any CPU
		{E2D6CA2E-3002-4B1F-B4BC-230904ADDE02}.Release|Any CPU.Build.0 = Release|Any CPU
	EndGlobalSection
	GlobalSection(SolutionProperties) = preSolution
		HideSolutionNode = FALSE
	EndGlobalSection
	GlobalSection(NestedProjects) = preSolution
		{2540E63A-6E62-4069-9364-5ABB8E52DECD} = {56BF1630-712E-4BB7-ADCA-7D2FE24E2D6E}
		{C5FF1124-E588-409E-BDEF-22EBF13D4EEC} = {56BF1630-712E-4BB7-ADCA-7D2FE24E2D6E}
		{F24C87B7-04C7-49C7-A5B9-E09092E18C64} = {56BF1630-712E-4BB7-ADCA-7D2FE24E2D6E}
		{EA675CB8-C348-47E2-9272-C29AAC7B3DCD} = {56BF1630-712E-4BB7-ADCA-7D2FE24E2D6E}
		{8FD34F37-B11B-46CF-8066-1FE1C68E7D0A} = {56BF1630-712E-4BB7-ADCA-7D2FE24E2D6E}
		{A44A6BAB-5C05-4E73-9CC5-8BCFEBE9CFB7} = {F24C87B7-04C7-49C7-A5B9-E09092E18C64}
		{0CDA080C-7685-4CF9-A438-B66249C9A412} = {F24C87B7-04C7-49C7-A5B9-E09092E18C64}
		{C33FEBA3-C242-40A0-8FA8-F1D643B5BA5F} = {EA675CB8-C348-47E2-9272-C29AAC7B3DCD}
		{3275124F-1651-4D68-8D8D-64E1D90ED95F} = {C5FF1124-E588-409E-BDEF-22EBF13D4EEC}
		{74BC49A0-F0FA-4574-B8A8-32EE0B429122} = {2540E63A-6E62-4069-9364-5ABB8E52DECD}
		{14C538FA-9C38-4FC6-B795-07462ACA2E59} = {B150E289-9A7E-439E-A2D6-13134A8F569F}
		{C4F39193-6C43-42BF-AC47-B5CFEA6B8511} = {B150E289-9A7E-439E-A2D6-13134A8F569F}
		{32458399-5E62-4D80-812E-8F7A64A807F4} = {B150E289-9A7E-439E-A2D6-13134A8F569F}
		{F02CC21C-476D-4976-A004-680D597E81CE} = {2540E63A-6E62-4069-9364-5ABB8E52DECD}
	EndGlobalSection
	GlobalSection(ExtensibilityGlobals) = postSolution
		SolutionGuid = {76FF5FA7-7BA6-4444-BEC7-EE7A148CDAFB}
	EndGlobalSection
EndGlobal
