
Microsoft Visual Studio Solution File, Format Version 12.00
# Visual Studio Version 16
VisualStudioVersion = 16.0.28803.202
MinimumVisualStudioVersion = 10.0.40219.1
Project("{9A19103F-16F7-4668-BE54-9A1E7A4F7556}") = "TReX.Kernel.Raven", "TReX.Kernel.Raven\TReX.Kernel.Raven.csproj", "{14C538FA-9C38-4FC6-B795-07462ACA2E59}"
EndProject
Project("{9A19103F-16F7-4668-BE54-9A1E7A4F7556}") = "TReX.Kernel.Shared", "TReX.Kernel.Shared\TReX.Kernel.Shared.csproj", "{C4F39193-6C43-42BF-AC47-B5CFEA6B8511}"
EndProject
Project("{9A19103F-16F7-4668-BE54-9A1E7A4F7556}") = "TReX.Kernel.Utilities", "TReX.Kernel.Utilities\TReX.Kernel.Utilities.csproj", "{32458399-5E62-4D80-812E-8F7A64A807F4}"
EndProject
Global
	GlobalSection(SolutionConfigurationPlatforms) = preSolution
		Debug|Any CPU = Debug|Any CPU
		Release|Any CPU = Release|Any CPU
	EndGlobalSection
	GlobalSection(ProjectConfigurationPlatforms) = postSolution
		{14C538FA-9C38-4FC6-B795-07462ACA2E59}.Debug|Any CPU.ActiveCfg = Debug|Any CPU
		{14C538FA-9C38-4FC6-B795-07462ACA2E59}.Debug|Any CPU.Build.0 = Debug|Any CPU
		{14C538FA-9C38-4FC6-B795-07462ACA2E59}.Release|Any CPU.ActiveCfg = Release|Any CPU
		{14C538FA-9C38-4FC6-B795-07462ACA2E59}.Release|Any CPU.Build.0 = Release|Any CPU
		{C4F39193-6C43-42BF-AC47-B5CFEA6B8511}.Debug|Any CPU.ActiveCfg = Debug|Any CPU
		{C4F39193-6C43-42BF-AC47-B5CFEA6B8511}.Debug|Any CPU.Build.0 = Debug|Any CPU
		{C4F39193-6C43-42BF-AC47-B5CFEA6B8511}.Release|Any CPU.ActiveCfg = Release|Any CPU
		{C4F39193-6C43-42BF-AC47-B5CFEA6B8511}.Release|Any CPU.Build.0 = Release|Any CPU
		{32458399-5E62-4D80-812E-8F7A64A807F4}.Debug|Any CPU.ActiveCfg = Debug|Any CPU
		{32458399-5E62-4D80-812E-8F7A64A807F4}.Debug|Any CPU.Build.0 = Debug|Any CPU
		{32458399-5E62-4D80-812E-8F7A64A807F4}.Release|Any CPU.ActiveCfg = Release|Any CPU
		{32458399-5E62-4D80-812E-8F7A64A807F4}.Release|Any CPU.Build.0 = Release|Any CPU
	EndGlobalSection
	GlobalSection(SolutionProperties) = preSolution
		HideSolutionNode = FALSE
	EndGlobalSection
	GlobalSection(ExtensibilityGlobals) = postSolution
		SolutionGuid = {76FF5FA7-7BA6-4444-BEC7-EE7A148CDAFB}
	EndGlobalSection
EndGlobal
