
Microsoft Visual Studio Solution File, Format Version 12.00
# Visual Studio Version 16
VisualStudioVersion = 16.0.28803.202
MinimumVisualStudioVersion = 10.0.40219.1
Project("{2150E333-8FDC-42A3-9474-1A3956D46DE8}") = "_Media", "_Media", "{2EDE8EA7-F312-481A-AEE1-29BF69AD91D9}"
EndProject
Project("{2150E333-8FDC-42A3-9474-1A3956D46DE8}") = "_Code", "_Code", "{AFC09DC4-3E89-4DFC-A1A1-CD7BDB5DC0B9}"
EndProject
Project("{2150E333-8FDC-42A3-9474-1A3956D46DE8}") = "_Documents", "_Documents", "{670383F9-0C0D-48C0-9AFA-C05D83C504D0}"
EndProject
Project("{2150E333-8FDC-42A3-9474-1A3956D46DE8}") = "01. Deployable", "01. Deployable", "{D491A9DC-952F-4029-AF3B-232A081C6849}"
EndProject
Project("{2150E333-8FDC-42A3-9474-1A3956D46DE8}") = "02. Infrastructure", "02. Infrastructure", "{FABCA8CB-888A-47F2-A31E-723EAD021C7F}"
EndProject
Project("{2150E333-8FDC-42A3-9474-1A3956D46DE8}") = "03. Core", "03. Core", "{A71A13EC-CECC-425A-8268-37E797EB27D1}"
EndProject
Project("{2150E333-8FDC-42A3-9474-1A3956D46DE8}") = "99. Tests", "99. Tests", "{A00F6605-50A1-43D4-BAA6-D44836469C74}"
EndProject
Project("{2150E333-8FDC-42A3-9474-1A3956D46DE8}") = "04. Crosscutting Concerns", "04. Crosscutting Concerns", "{2773E738-9D4F-4B50-8C85-5AAB668BB926}"
EndProject
Project("{2150E333-8FDC-42A3-9474-1A3956D46DE8}") = "01. Deployable", "01. Deployable", "{E550DDF1-01D0-4D9F-9357-7D6352E0FD3E}"
EndProject
Project("{2150E333-8FDC-42A3-9474-1A3956D46DE8}") = "02. Infrastructure", "02. Infrastructure", "{091024E5-287C-46D7-A1ED-69C228A8956F}"
EndProject
Project("{2150E333-8FDC-42A3-9474-1A3956D46DE8}") = "03. Core", "03. Core", "{F1026713-5552-44B7-85BD-4DBEE9859DE7}"
EndProject
Project("{2150E333-8FDC-42A3-9474-1A3956D46DE8}") = "04. Crosscutting Concerns", "04. Crosscutting Concerns", "{BBB49DAD-37B9-42C6-86F3-F95A1FF94E5E}"
EndProject
Project("{2150E333-8FDC-42A3-9474-1A3956D46DE8}") = "99. Tests", "99. Tests", "{A7BF4D61-DD84-48D1-9E85-9F7EC58C2932}"
EndProject
Project("{2150E333-8FDC-42A3-9474-1A3956D46DE8}") = "01. Deployable", "01. Deployable", "{DB7D8C8E-A98D-43F4-8DF9-0D8823FDCAB2}"
EndProject
Project("{2150E333-8FDC-42A3-9474-1A3956D46DE8}") = "02. Infrastructure", "02. Infrastructure", "{147A4A4F-CED1-4C28-83CB-342959C3B43C}"
EndProject
Project("{2150E333-8FDC-42A3-9474-1A3956D46DE8}") = "03. Core", "03. Core", "{588BA03E-2884-4A94-A58C-44765CEB73F4}"
EndProject
Project("{2150E333-8FDC-42A3-9474-1A3956D46DE8}") = "04. Crosscutting Concerns", "04. Crosscutting Concerns", "{002F9A93-7F01-4764-9B81-2CD0EF53E7EA}"
EndProject
Project("{2150E333-8FDC-42A3-9474-1A3956D46DE8}") = "99. Tests", "99. Tests", "{4A8B7D1C-5778-4163-A883-9207B1B01FA4}"
EndProject
Project("{9A19103F-16F7-4668-BE54-9A1E7A4F7556}") = "TReX.Discovery.Media.Shared", "Media\TReX.Discovery.Media.Shared\TReX.Discovery.Media.Shared.csproj", "{813AA105-ABCB-4423-B333-2B269DE253FC}"
EndProject
Project("{9A19103F-16F7-4668-BE54-9A1E7A4F7556}") = "TReX.Discovery.Media.Business", "Media\TReX.Discovery.Media.Business\TReX.Discovery.Media.Business.csproj", "{7F63A815-7054-4D1F-B1B2-C767CEE17708}"
EndProject
Project("{9A19103F-16F7-4668-BE54-9A1E7A4F7556}") = "TReX.Discovery.Media.Api", "Media\TReX.Discovery.Media.Api\TReX.Discovery.Media.Api.csproj", "{52723142-B893-4D92-A85D-4AE41F4E5A99}"
EndProject
Project("{9A19103F-16F7-4668-BE54-9A1E7A4F7556}") = "TReX.Discovery.Media.Domain", "Media\TReX.Discovery.Media.Domain\TReX.Discovery.Media.Domain.csproj", "{41D17BC0-803C-4C8E-A4C1-EE3586FA60BB}"
EndProject
Project("{9A19103F-16F7-4668-BE54-9A1E7A4F7556}") = "TReX.Discovery.Media.DependencyInjection", "Media\TReX.Discovery.Media.DependencyInjection\TReX.Discovery.Media.DependencyInjection.csproj", "{2BE9F46C-2215-4D64-A132-C3036F2DA28B}"
EndProject
Project("{9A19103F-16F7-4668-BE54-9A1E7A4F7556}") = "TReX.Discovery.Media.Archeology", "Media\TReX.Discovery.Media.Archeology\TReX.Discovery.Media.Archeology.csproj", "{5017E35D-DFFA-420E-B5CD-AA48617FD761}"
EndProject
Project("{2150E333-8FDC-42A3-9474-1A3956D46DE8}") = "Kernel", "Kernel", "{3C8EB77E-DDD3-4300-A064-BDB375E54534}"
EndProject
Project("{9A19103F-16F7-4668-BE54-9A1E7A4F7556}") = "TReX.Kernel.Raven", "..\TReX.Kernel\TReX.Kernel.Raven\TReX.Kernel.Raven.csproj", "{14C538FA-9C38-4FC6-B795-07462ACA2E59}"
EndProject
Project("{9A19103F-16F7-4668-BE54-9A1E7A4F7556}") = "TReX.Kernel.Shared", "..\TReX.Kernel\TReX.Kernel.Shared\TReX.Kernel.Shared.csproj", "{C4F39193-6C43-42BF-AC47-B5CFEA6B8511}"
EndProject
Project("{9A19103F-16F7-4668-BE54-9A1E7A4F7556}") = "TReX.Kernel.Utilities", "..\TReX.Kernel\TReX.Kernel.Utilities\TReX.Kernel.Utilities.csproj", "{32458399-5E62-4D80-812E-8F7A64A807F4}"
EndProject
Project("{9A19103F-16F7-4668-BE54-9A1E7A4F7556}") = "TReX.Discovery.Media.Worker", "Media\TReX.Discovery.Media.Worker\TReX.Discovery.Media.Worker.csproj", "{E2869E15-0A96-4B4F-89E0-3896D1783FB5}"
EndProject
Global
	GlobalSection(SolutionConfigurationPlatforms) = preSolution
		Debug|Any CPU = Debug|Any CPU
		Release|Any CPU = Release|Any CPU
	EndGlobalSection
	GlobalSection(ProjectConfigurationPlatforms) = postSolution
		{813AA105-ABCB-4423-B333-2B269DE253FC}.Debug|Any CPU.ActiveCfg = Debug|Any CPU
		{813AA105-ABCB-4423-B333-2B269DE253FC}.Debug|Any CPU.Build.0 = Debug|Any CPU
		{813AA105-ABCB-4423-B333-2B269DE253FC}.Release|Any CPU.ActiveCfg = Release|Any CPU
		{813AA105-ABCB-4423-B333-2B269DE253FC}.Release|Any CPU.Build.0 = Release|Any CPU
		{7F63A815-7054-4D1F-B1B2-C767CEE17708}.Debug|Any CPU.ActiveCfg = Debug|Any CPU
		{7F63A815-7054-4D1F-B1B2-C767CEE17708}.Debug|Any CPU.Build.0 = Debug|Any CPU
		{7F63A815-7054-4D1F-B1B2-C767CEE17708}.Release|Any CPU.ActiveCfg = Release|Any CPU
		{7F63A815-7054-4D1F-B1B2-C767CEE17708}.Release|Any CPU.Build.0 = Release|Any CPU
		{52723142-B893-4D92-A85D-4AE41F4E5A99}.Debug|Any CPU.ActiveCfg = Debug|Any CPU
		{52723142-B893-4D92-A85D-4AE41F4E5A99}.Debug|Any CPU.Build.0 = Debug|Any CPU
		{52723142-B893-4D92-A85D-4AE41F4E5A99}.Release|Any CPU.ActiveCfg = Release|Any CPU
		{52723142-B893-4D92-A85D-4AE41F4E5A99}.Release|Any CPU.Build.0 = Release|Any CPU
		{41D17BC0-803C-4C8E-A4C1-EE3586FA60BB}.Debug|Any CPU.ActiveCfg = Debug|Any CPU
		{41D17BC0-803C-4C8E-A4C1-EE3586FA60BB}.Debug|Any CPU.Build.0 = Debug|Any CPU
		{41D17BC0-803C-4C8E-A4C1-EE3586FA60BB}.Release|Any CPU.ActiveCfg = Release|Any CPU
		{41D17BC0-803C-4C8E-A4C1-EE3586FA60BB}.Release|Any CPU.Build.0 = Release|Any CPU
		{2BE9F46C-2215-4D64-A132-C3036F2DA28B}.Debug|Any CPU.ActiveCfg = Debug|Any CPU
		{2BE9F46C-2215-4D64-A132-C3036F2DA28B}.Debug|Any CPU.Build.0 = Debug|Any CPU
		{2BE9F46C-2215-4D64-A132-C3036F2DA28B}.Release|Any CPU.ActiveCfg = Release|Any CPU
		{2BE9F46C-2215-4D64-A132-C3036F2DA28B}.Release|Any CPU.Build.0 = Release|Any CPU
		{5017E35D-DFFA-420E-B5CD-AA48617FD761}.Debug|Any CPU.ActiveCfg = Debug|Any CPU
		{5017E35D-DFFA-420E-B5CD-AA48617FD761}.Debug|Any CPU.Build.0 = Debug|Any CPU
		{5017E35D-DFFA-420E-B5CD-AA48617FD761}.Release|Any CPU.ActiveCfg = Release|Any CPU
		{5017E35D-DFFA-420E-B5CD-AA48617FD761}.Release|Any CPU.Build.0 = Release|Any CPU
		{14C538FA-9C38-4FC6-B795-07462ACA2E59}.Debug|Any CPU.ActiveCfg = Debug|Any CPU
		{14C538FA-9C38-4FC6-B795-07462ACA2E59}.Debug|Any CPU.Build.0 = Debug|Any CPU
		{14C538FA-9C38-4FC6-B795-07462ACA2E59}.Release|Any CPU.ActiveCfg = Release|Any CPU
		{14C538FA-9C38-4FC6-B795-07462ACA2E59}.Release|Any CPU.Build.0 = Release|Any CPU
		{C4F39193-6C43-42BF-AC47-B5CFEA6B8511}.Debug|Any CPU.ActiveCfg = Debug|Any CPU
		{C4F39193-6C43-42BF-AC47-B5CFEA6B8511}.Debug|Any CPU.Build.0 = Debug|Any CPU
		{C4F39193-6C43-42BF-AC47-B5CFEA6B8511}.Release|Any CPU.ActiveCfg = Release|Any CPU
		{C4F39193-6C43-42BF-AC47-B5CFEA6B8511}.Release|Any CPU.Build.0 = Release|Any CPU
		{32458399-5E62-4D80-812E-8F7A64A807F4}.Debug|Any CPU.ActiveCfg = Debug|Any CPU
		{32458399-5E62-4D80-812E-8F7A64A807F4}.Debug|Any CPU.Build.0 = Debug|Any CPU
		{32458399-5E62-4D80-812E-8F7A64A807F4}.Release|Any CPU.ActiveCfg = Release|Any CPU
		{32458399-5E62-4D80-812E-8F7A64A807F4}.Release|Any CPU.Build.0 = Release|Any CPU
		{E2869E15-0A96-4B4F-89E0-3896D1783FB5}.Debug|Any CPU.ActiveCfg = Debug|Any CPU
		{E2869E15-0A96-4B4F-89E0-3896D1783FB5}.Debug|Any CPU.Build.0 = Debug|Any CPU
		{E2869E15-0A96-4B4F-89E0-3896D1783FB5}.Release|Any CPU.ActiveCfg = Release|Any CPU
		{E2869E15-0A96-4B4F-89E0-3896D1783FB5}.Release|Any CPU.Build.0 = Release|Any CPU
	EndGlobalSection
	GlobalSection(SolutionProperties) = preSolution
		HideSolutionNode = FALSE
	EndGlobalSection
	GlobalSection(NestedProjects) = preSolution
		{D491A9DC-952F-4029-AF3B-232A081C6849} = {2EDE8EA7-F312-481A-AEE1-29BF69AD91D9}
		{FABCA8CB-888A-47F2-A31E-723EAD021C7F} = {2EDE8EA7-F312-481A-AEE1-29BF69AD91D9}
		{A71A13EC-CECC-425A-8268-37E797EB27D1} = {2EDE8EA7-F312-481A-AEE1-29BF69AD91D9}
		{A00F6605-50A1-43D4-BAA6-D44836469C74} = {2EDE8EA7-F312-481A-AEE1-29BF69AD91D9}
		{2773E738-9D4F-4B50-8C85-5AAB668BB926} = {2EDE8EA7-F312-481A-AEE1-29BF69AD91D9}
		{E550DDF1-01D0-4D9F-9357-7D6352E0FD3E} = {670383F9-0C0D-48C0-9AFA-C05D83C504D0}
		{091024E5-287C-46D7-A1ED-69C228A8956F} = {670383F9-0C0D-48C0-9AFA-C05D83C504D0}
		{F1026713-5552-44B7-85BD-4DBEE9859DE7} = {670383F9-0C0D-48C0-9AFA-C05D83C504D0}
		{BBB49DAD-37B9-42C6-86F3-F95A1FF94E5E} = {670383F9-0C0D-48C0-9AFA-C05D83C504D0}
		{A7BF4D61-DD84-48D1-9E85-9F7EC58C2932} = {670383F9-0C0D-48C0-9AFA-C05D83C504D0}
		{DB7D8C8E-A98D-43F4-8DF9-0D8823FDCAB2} = {AFC09DC4-3E89-4DFC-A1A1-CD7BDB5DC0B9}
		{147A4A4F-CED1-4C28-83CB-342959C3B43C} = {AFC09DC4-3E89-4DFC-A1A1-CD7BDB5DC0B9}
		{588BA03E-2884-4A94-A58C-44765CEB73F4} = {AFC09DC4-3E89-4DFC-A1A1-CD7BDB5DC0B9}
		{002F9A93-7F01-4764-9B81-2CD0EF53E7EA} = {AFC09DC4-3E89-4DFC-A1A1-CD7BDB5DC0B9}
		{4A8B7D1C-5778-4163-A883-9207B1B01FA4} = {AFC09DC4-3E89-4DFC-A1A1-CD7BDB5DC0B9}
		{813AA105-ABCB-4423-B333-2B269DE253FC} = {2773E738-9D4F-4B50-8C85-5AAB668BB926}
		{7F63A815-7054-4D1F-B1B2-C767CEE17708} = {A71A13EC-CECC-425A-8268-37E797EB27D1}
		{52723142-B893-4D92-A85D-4AE41F4E5A99} = {D491A9DC-952F-4029-AF3B-232A081C6849}
		{41D17BC0-803C-4C8E-A4C1-EE3586FA60BB} = {A71A13EC-CECC-425A-8268-37E797EB27D1}
		{2BE9F46C-2215-4D64-A132-C3036F2DA28B} = {FABCA8CB-888A-47F2-A31E-723EAD021C7F}
		{5017E35D-DFFA-420E-B5CD-AA48617FD761} = {FABCA8CB-888A-47F2-A31E-723EAD021C7F}
		{14C538FA-9C38-4FC6-B795-07462ACA2E59} = {3C8EB77E-DDD3-4300-A064-BDB375E54534}
		{C4F39193-6C43-42BF-AC47-B5CFEA6B8511} = {3C8EB77E-DDD3-4300-A064-BDB375E54534}
		{32458399-5E62-4D80-812E-8F7A64A807F4} = {3C8EB77E-DDD3-4300-A064-BDB375E54534}
		{E2869E15-0A96-4B4F-89E0-3896D1783FB5} = {D491A9DC-952F-4029-AF3B-232A081C6849}
	EndGlobalSection
	GlobalSection(ExtensibilityGlobals) = postSolution
		SolutionGuid = {76FF5FA7-7BA6-4444-BEC7-EE7A148CDAFB}
	EndGlobalSection
EndGlobal
